
Microsoft Visual Studio Solution File, Format Version 12.00
# Visual Studio Version 17
VisualStudioVersion = 17.6.33801.468
MinimumVisualStudioVersion = 10.0.40219.1
Project("{FAE04EC0-301F-11D3-BF4B-00C04F79EFBC}") = "UserMaintence", "UserMaintence\UserMaintence.csproj", "{99784427-D80E-46FC-89BC-07AEDC98ED7D}"
EndProject
Global
	GlobalSection(SolutionConfigurationPlatforms) = preSolution
		Debug|Any CPU = Debug|Any CPU
		Release|Any CPU = Release|Any CPU
	EndGlobalSection
	GlobalSection(ProjectConfigurationPlatforms) = postSolution
		{99784427-D80E-46FC-89BC-07AEDC98ED7D}.Debug|Any CPU.ActiveCfg = Debug|Any CPU
		{99784427-D80E-46FC-89BC-07AEDC98ED7D}.Debug|Any CPU.Build.0 = Debug|Any CPU
		{99784427-D80E-46FC-89BC-07AEDC98ED7D}.Release|Any CPU.ActiveCfg = Release|Any CPU
		{99784427-D80E-46FC-89BC-07AEDC98ED7D}.Release|Any CPU.Build.0 = Release|Any CPU
	EndGlobalSection
	GlobalSection(SolutionProperties) = preSolution
		HideSolutionNode = FALSE
	EndGlobalSection
	GlobalSection(ExtensibilityGlobals) = postSolution
		SolutionGuid = {25F8CEF9-675E-4BF5-88C7-7CB952A57C86}
	EndGlobalSection
EndGlobal
