
Microsoft Visual Studio Solution File, Format Version 12.00
# Visual Studio Version 17
VisualStudioVersion = 17.6.33801.468
MinimumVisualStudioVersion = 10.0.40219.1
Project("{FAE04EC0-301F-11D3-BF4B-00C04F79EFBC}") = "week05", "week05\week05.csproj", "{AE404E4B-7CAA-40C0-A9CC-A3D590FB02B4}"
EndProject
Global
	GlobalSection(SolutionConfigurationPlatforms) = preSolution
		Debug|Any CPU = Debug|Any CPU
		Release|Any CPU = Release|Any CPU
	EndGlobalSection
	GlobalSection(ProjectConfigurationPlatforms) = postSolution
		{AE404E4B-7CAA-40C0-A9CC-A3D590FB02B4}.Debug|Any CPU.ActiveCfg = Debug|Any CPU
		{AE404E4B-7CAA-40C0-A9CC-A3D590FB02B4}.Debug|Any CPU.Build.0 = Debug|Any CPU
		{AE404E4B-7CAA-40C0-A9CC-A3D590FB02B4}.Release|Any CPU.ActiveCfg = Release|Any CPU
		{AE404E4B-7CAA-40C0-A9CC-A3D590FB02B4}.Release|Any CPU.Build.0 = Release|Any CPU
	EndGlobalSection
	GlobalSection(SolutionProperties) = preSolution
		HideSolutionNode = FALSE
	EndGlobalSection
	GlobalSection(ExtensibilityGlobals) = postSolution
		SolutionGuid = {5BB26BBB-DE81-43C8-8B02-4BAE38F5327D}
	EndGlobalSection
EndGlobal
