
Microsoft Visual Studio Solution File, Format Version 12.00
# Visual Studio Version 17
VisualStudioVersion = 17.7.34221.43
MinimumVisualStudioVersion = 10.0.40219.1
Project("{FAE04EC0-301F-11D3-BF4B-00C04F79EFBC}") = "week10", "week10\week10.csproj", "{B139F620-2EE4-424B-81FE-D4364B145042}"
EndProject
Global
	GlobalSection(SolutionConfigurationPlatforms) = preSolution
		Debug|Any CPU = Debug|Any CPU
		Release|Any CPU = Release|Any CPU
	EndGlobalSection
	GlobalSection(ProjectConfigurationPlatforms) = postSolution
		{B139F620-2EE4-424B-81FE-D4364B145042}.Debug|Any CPU.ActiveCfg = Debug|Any CPU
		{B139F620-2EE4-424B-81FE-D4364B145042}.Debug|Any CPU.Build.0 = Debug|Any CPU
		{B139F620-2EE4-424B-81FE-D4364B145042}.Release|Any CPU.ActiveCfg = Release|Any CPU
		{B139F620-2EE4-424B-81FE-D4364B145042}.Release|Any CPU.Build.0 = Release|Any CPU
	EndGlobalSection
	GlobalSection(SolutionProperties) = preSolution
		HideSolutionNode = FALSE
	EndGlobalSection
	GlobalSection(ExtensibilityGlobals) = postSolution
		SolutionGuid = {CDBC9539-9095-46BD-88B3-1C13748CDD4E}
	EndGlobalSection
EndGlobal
