
Microsoft Visual Studio Solution File, Format Version 12.00
# Visual Studio Version 17
VisualStudioVersion = 17.3.32929.385
MinimumVisualStudioVersion = 10.0.40219.1
Project("{FAE04EC0-301F-11D3-BF4B-00C04F79EFBC}") = "week07", "week07\week07.csproj", "{DAE2EC48-418D-4CFF-97E3-DD387AB78C43}"
EndProject
Global
	GlobalSection(SolutionConfigurationPlatforms) = preSolution
		Debug|Any CPU = Debug|Any CPU
		Release|Any CPU = Release|Any CPU
	EndGlobalSection
	GlobalSection(ProjectConfigurationPlatforms) = postSolution
		{DAE2EC48-418D-4CFF-97E3-DD387AB78C43}.Debug|Any CPU.ActiveCfg = Debug|Any CPU
		{DAE2EC48-418D-4CFF-97E3-DD387AB78C43}.Debug|Any CPU.Build.0 = Debug|Any CPU
		{DAE2EC48-418D-4CFF-97E3-DD387AB78C43}.Release|Any CPU.ActiveCfg = Release|Any CPU
		{DAE2EC48-418D-4CFF-97E3-DD387AB78C43}.Release|Any CPU.Build.0 = Release|Any CPU
	EndGlobalSection
	GlobalSection(SolutionProperties) = preSolution
		HideSolutionNode = FALSE
	EndGlobalSection
	GlobalSection(ExtensibilityGlobals) = postSolution
		SolutionGuid = {CDC10529-78B7-49AF-BD14-513F3C2C4653}
	EndGlobalSection
EndGlobal
